
Microsoft Visual Studio Solution File, Format Version 12.00
# Visual Studio Version 16
VisualStudioVersion = 16.0.30907.101
MinimumVisualStudioVersion = 10.0.40219.1
Project("{FAE04EC0-301F-11D3-BF4B-00C04F79EFBC}") = "Alec.ApiCore", "Alec.ApiCore\Alec.ApiCore.csproj", "{28294174-05B0-4AC1-8892-E7F93A3933EE}"
EndProject
Global
	GlobalSection(SolutionConfigurationPlatforms) = preSolution
		Debug|Any CPU = Debug|Any CPU
		Release|Any CPU = Release|Any CPU
	EndGlobalSection
	GlobalSection(ProjectConfigurationPlatforms) = postSolution
		{28294174-05B0-4AC1-8892-E7F93A3933EE}.Debug|Any CPU.ActiveCfg = Debug|Any CPU
		{28294174-05B0-4AC1-8892-E7F93A3933EE}.Debug|Any CPU.Build.0 = Debug|Any CPU
		{28294174-05B0-4AC1-8892-E7F93A3933EE}.Release|Any CPU.ActiveCfg = Release|Any CPU
		{28294174-05B0-4AC1-8892-E7F93A3933EE}.Release|Any CPU.Build.0 = Release|Any CPU
	EndGlobalSection
	GlobalSection(SolutionProperties) = preSolution
		HideSolutionNode = FALSE
	EndGlobalSection
	GlobalSection(ExtensibilityGlobals) = postSolution
		SolutionGuid = {B3CC08A9-3B56-4712-9B06-AE307557EA40}
	EndGlobalSection
EndGlobal
